
Microsoft Visual Studio Solution File, Format Version 12.00
# Visual Studio Version 16
VisualStudioVersion = 16.0.31424.327
MinimumVisualStudioVersion = 10.0.40219.1
Project("{FAE04EC0-301F-11D3-BF4B-00C04F79EFBC}") = "HooghlyPay.API", "HooghlyPay.API\HooghlyPay.API.csproj", "{F1FF4157-5463-420F-9672-03174D3764F4}"
EndProject
Global
	GlobalSection(SolutionConfigurationPlatforms) = preSolution
		Debug|Any CPU = Debug|Any CPU
		Release|Any CPU = Release|Any CPU
	EndGlobalSection
	GlobalSection(ProjectConfigurationPlatforms) = postSolution
		{F1FF4157-5463-420F-9672-03174D3764F4}.Debug|Any CPU.ActiveCfg = Debug|Any CPU
		{F1FF4157-5463-420F-9672-03174D3764F4}.Debug|Any CPU.Build.0 = Debug|Any CPU
		{F1FF4157-5463-420F-9672-03174D3764F4}.Release|Any CPU.ActiveCfg = Release|Any CPU
		{F1FF4157-5463-420F-9672-03174D3764F4}.Release|Any CPU.Build.0 = Release|Any CPU
	EndGlobalSection
	GlobalSection(SolutionProperties) = preSolution
		HideSolutionNode = FALSE
	EndGlobalSection
	GlobalSection(ExtensibilityGlobals) = postSolution
		SolutionGuid = {723EDE57-18C9-4053-B6BB-B73BC2620A50}
	EndGlobalSection
EndGlobal
